// !$*UTF8*$!
{
	archiveVersion = 1;
	classes = {
	};
	objectVersion = 77;
	objects = {

/* Begin PBXBuildFile section */
		C523C6362E3013D30031FF59 /* Typesense in Frameworks */ = {isa = PBXBuildFile; productRef = C523C6352E3013D30031FF59 /* Typesense */; };
		C585ECE42ED468E70026F648 /* FirebaseFunctions in Frameworks */ = {isa = PBXBuildFile; productRef = C585ECE32ED468E70026F648 /* FirebaseFunctions */; };
		C591D5072E94FB3400A829BA /* FirebaseAI in Frameworks */ = {isa = PBXBuildFile; productRef = C591D5062E94FB3400A829BA /* FirebaseAI */; };
		C591D5092E94FB3400A829BA /* FirebaseAnalytics in Frameworks */ = {isa = PBXBuildFile; productRef = C591D5082E94FB3400A829BA /* FirebaseAnalytics */; };
		C591D50B2E94FB3400A829BA /* FirebaseAnalyticsCore in Frameworks */ = {isa = PBXBuildFile; productRef = C591D50A2E94FB3400A829BA /* FirebaseAnalyticsCore */; };
		C591D50D2E94FB3400A829BA /* FirebaseAnalyticsIdentitySupport in Frameworks */ = {isa = PBXBuildFile; productRef = C591D50C2E94FB3400A829BA /* FirebaseAnalyticsIdentitySupport */; };
		C591D50F2E94FB3400A829BA /* FirebaseAppCheck in Frameworks */ = {isa = PBXBuildFile; productRef = C591D50E2E94FB3400A829BA /* FirebaseAppCheck */; };
		C591D5122E94FDC300A829BA /* FirebaseAuth in Frameworks */ = {isa = PBXBuildFile; productRef = C591D5112E94FDC300A829BA /* FirebaseAuth */; };
		C591D5142E94FDCE00A829BA /* FirebaseFirestore in Frameworks */ = {isa = PBXBuildFile; productRef = C591D5132E94FDCE00A829BA /* FirebaseFirestore */; };
		C591D5162E94FDD700A829BA /* FirebaseCrashlytics in Frameworks */ = {isa = PBXBuildFile; productRef = C591D5152E94FDD700A829BA /* FirebaseCrashlytics */; };
		C591D5182E94FDE400A829BA /* FirebasePerformance in Frameworks */ = {isa = PBXBuildFile; productRef = C591D5172E94FDE400A829BA /* FirebasePerformance */; };
/* End PBXBuildFile section */

/* Begin PBXContainerItemProxy section */
		C5BC15ED2DEF6DB4000013C8 /* PBXContainerItemProxy */ = {
			isa = PBXContainerItemProxy;
			containerPortal = C5BC15D72DEF6DAC000013C8 /* Project object */;
			proxyType = 1;
			remoteGlobalIDString = C5BC15DE2DEF6DAC000013C8;
			remoteInfo = nutribase;
		};
		C5BC15F72DEF6DB4000013C8 /* PBXContainerItemProxy */ = {
			isa = PBXContainerItemProxy;
			containerPortal = C5BC15D72DEF6DAC000013C8 /* Project object */;
			proxyType = 1;
			remoteGlobalIDString = C5BC15DE2DEF6DAC000013C8;
			remoteInfo = nutribase;
		};
/* End PBXContainerItemProxy section */

/* Begin PBXFileReference section */
		C5BC15DF2DEF6DAC000013C8 /* nutribase.app */ = {isa = PBXFileReference; explicitFileType = wrapper.application; includeInIndex = 0; path = nutribase.app; sourceTree = BUILT_PRODUCTS_DIR; };
		C5BC15EC2DEF6DB4000013C8 /* nutribaseTests.xctest */ = {isa = PBXFileReference; explicitFileType = wrapper.cfbundle; includeInIndex = 0; path = nutribaseTests.xctest; sourceTree = BUILT_PRODUCTS_DIR; };
		C5BC15F62DEF6DB4000013C8 /* nutribaseUITests.xctest */ = {isa = PBXFileReference; explicitFileType = wrapper.cfbundle; includeInIndex = 0; path = nutribaseUITests.xctest; sourceTree = BUILT_PRODUCTS_DIR; };
/* End PBXFileReference section */

/* Begin PBXFileSystemSynchronizedBuildFileExceptionSet section */
		C585ECF22ED9D5280026F648 /* Exceptions for "nutribase" folder in "nutribase" target */ = {
			isa = PBXFileSystemSynchronizedBuildFileExceptionSet;
			membershipExceptions = (
				Info.plist,
			);
			target = C5BC15DE2DEF6DAC000013C8 /* nutribase */;
		};
/* End PBXFileSystemSynchronizedBuildFileExceptionSet section */

/* Begin PBXFileSystemSynchronizedRootGroup section */
		C5BC15E12DEF6DAC000013C8 /* nutribase */ = {
			isa = PBXFileSystemSynchronizedRootGroup;
			exceptions = (
				C585ECF22ED9D5280026F648 /* Exceptions for "nutribase" folder in "nutribase" target */,
			);
			path = nutribase;
			sourceTree = "<group>";
		};
		C5BC15EF2DEF6DB4000013C8 /* nutribaseTests */ = {
			isa = PBXFileSystemSynchronizedRootGroup;
			path = nutribaseTests;
			sourceTree = "<group>";
		};
		C5BC15F92DEF6DB4000013C8 /* nutribaseUITests */ = {
			isa = PBXFileSystemSynchronizedRootGroup;
			path = nutribaseUITests;
			sourceTree = "<group>";
		};
/* End PBXFileSystemSynchronizedRootGroup section */

/* Begin PBXFrameworksBuildPhase section */
		C5BC15DC2DEF6DAC000013C8 /* Frameworks */ = {
			isa = PBXFrameworksBuildPhase;
			buildActionMask = 2147483647;
			files = (
				C523C6362E3013D30031FF59 /* Typesense in Frameworks */,
				C591D50D2E94FB3400A829BA /* FirebaseAnalyticsIdentitySupport in Frameworks */,
				C591D5182E94FDE400A829BA /* FirebasePerformance in Frameworks */,
				C591D5072E94FB3400A829BA /* FirebaseAI in Frameworks */,
				C591D5092E94FB3400A829BA /* FirebaseAnalytics in Frameworks */,
				C591D50F2E94FB3400A829BA /* FirebaseAppCheck in Frameworks */,
				C591D5142E94FDCE00A829BA /* FirebaseFirestore in Frameworks */,
				C591D5162E94FDD700A829BA /* FirebaseCrashlytics in Frameworks */,
				C591D5122E94FDC300A829BA /* FirebaseAuth in Frameworks */,
				C585ECE42ED468E70026F648 /* FirebaseFunctions in Frameworks */,
				C591D50B2E94FB3400A829BA /* FirebaseAnalyticsCore in Frameworks */,
			);
			runOnlyForDeploymentPostprocessing = 0;
		};
		C5BC15E92DEF6DB4000013C8 /* Frameworks */ = {
			isa = PBXFrameworksBuildPhase;
			buildActionMask = 2147483647;
			files = (
			);
			runOnlyForDeploymentPostprocessing = 0;
		};
		C5BC15F32DEF6DB4000013C8 /* Frameworks */ = {
			isa = PBXFrameworksBuildPhase;
			buildActionMask = 2147483647;
			files = (
			);
			runOnlyForDeploymentPostprocessing = 0;
		};
/* End PBXFrameworksBuildPhase section */

/* Begin PBXGroup section */
		C591D5102E94FDC300A829BA /* Frameworks */ = {
			isa = PBXGroup;
			children = (
			);
			name = Frameworks;
			sourceTree = "<group>";
		};
		C5BC15D62DEF6DAC000013C8 = {
			isa = PBXGroup;
			children = (
				C5BC15E12DEF6DAC000013C8 /* nutribase */,
				C5BC15EF2DEF6DB4000013C8 /* nutribaseTests */,
				C5BC15F92DEF6DB4000013C8 /* nutribaseUITests */,
				C591D5102E94FDC300A829BA /* Frameworks */,
				C5BC15E02DEF6DAC000013C8 /* Products */,
			);
			sourceTree = "<group>";
		};
		C5BC15E02DEF6DAC000013C8 /* Products */ = {
			isa = PBXGroup;
			children = (
				C5BC15DF2DEF6DAC000013C8 /* nutribase.app */,
				C5BC15EC2DEF6DB4000013C8 /* nutribaseTests.xctest */,
				C5BC15F62DEF6DB4000013C8 /* nutribaseUITests.xctest */,
			);
			name = Products;
			sourceTree = "<group>";
		};
/* End PBXGroup section */

/* Begin PBXNativeTarget section */
		C5BC15DE2DEF6DAC000013C8 /* nutribase */ = {
			isa = PBXNativeTarget;
			buildConfigurationList = C5BC16002DEF6DB4000013C8 /* Build configuration list for PBXNativeTarget "nutribase" */;
			buildPhases = (
				C5BC15DB2DEF6DAC000013C8 /* Sources */,
				C5BC15DC2DEF6DAC000013C8 /* Frameworks */,
				C5BC15DD2DEF6DAC000013C8 /* Resources */,
			);
			buildRules = (
			);
			dependencies = (
			);
			fileSystemSynchronizedGroups = (
				C5BC15E12DEF6DAC000013C8 /* nutribase */,
			);
			name = nutribase;
			packageProductDependencies = (
				C523C6352E3013D30031FF59 /* Typesense */,
				C591D5062E94FB3400A829BA /* FirebaseAI */,
				C591D5082E94FB3400A829BA /* FirebaseAnalytics */,
				C591D50A2E94FB3400A829BA /* FirebaseAnalyticsCore */,
				C591D50C2E94FB3400A829BA /* FirebaseAnalyticsIdentitySupport */,
				C591D50E2E94FB3400A829BA /* FirebaseAppCheck */,
				C591D5112E94FDC300A829BA /* FirebaseAuth */,
				C591D5132E94FDCE00A829BA /* FirebaseFirestore */,
				C591D5152E94FDD700A829BA /* FirebaseCrashlytics */,
				C591D5172E94FDE400A829BA /* FirebasePerformance */,
				C585ECE32ED468E70026F648 /* FirebaseFunctions */,
			);
			productName = nutribase;
			productReference = C5BC15DF2DEF6DAC000013C8 /* nutribase.app */;
			productType = "com.apple.product-type.application";
		};
		C5BC15EB2DEF6DB4000013C8 /* nutribaseTests */ = {
			isa = PBXNativeTarget;
			buildConfigurationList = C5BC16032DEF6DB4000013C8 /* Build configuration list for PBXNativeTarget "nutribaseTests" */;
			buildPhases = (
				C5BC15E82DEF6DB4000013C8 /* Sources */,
				C5BC15E92DEF6DB4000013C8 /* Frameworks */,
				C5BC15EA2DEF6DB4000013C8 /* Resources */,
			);
			buildRules = (
			);
			dependencies = (
				C5BC15EE2DEF6DB4000013C8 /* PBXTargetDependency */,
			);
			fileSystemSynchronizedGroups = (
				C5BC15EF2DEF6DB4000013C8 /* nutribaseTests */,
			);
			name = nutribaseTests;
			packageProductDependencies = (
			);
			productName = nutribaseTests;
			productReference = C5BC15EC2DEF6DB4000013C8 /* nutribaseTests.xctest */;
			productType = "com.apple.product-type.bundle.unit-test";
		};
		C5BC15F52DEF6DB4000013C8 /* nutribaseUITests */ = {
			isa = PBXNativeTarget;
			buildConfigurationList = C5BC16062DEF6DB4000013C8 /* Build configuration list for PBXNativeTarget "nutribaseUITests" */;
			buildPhases = (
				C5BC15F22DEF6DB4000013C8 /* Sources */,
				C5BC15F32DEF6DB4000013C8 /* Frameworks */,
				C5BC15F42DEF6DB4000013C8 /* Resources */,
			);
			buildRules = (
			);
			dependencies = (
				C5BC15F82DEF6DB4000013C8 /* PBXTargetDependency */,
			);
			fileSystemSynchronizedGroups = (
				C5BC15F92DEF6DB4000013C8 /* nutribaseUITests */,
			);
			name = nutribaseUITests;
			packageProductDependencies = (
			);
			productName = nutribaseUITests;
			productReference = C5BC15F62DEF6DB4000013C8 /* nutribaseUITests.xctest */;
			productType = "com.apple.product-type.bundle.ui-testing";
		};
/* End PBXNativeTarget section */

/* Begin PBXProject section */
		C5BC15D72DEF6DAC000013C8 /* Project object */ = {
			isa = PBXProject;
			attributes = {
				BuildIndependentTargetsInParallel = 1;
				LastSwiftUpdateCheck = 1630;
				LastUpgradeCheck = 2610;
				TargetAttributes = {
					C5BC15DE2DEF6DAC000013C8 = {
						CreatedOnToolsVersion = 16.3;
					};
					C5BC15EB2DEF6DB4000013C8 = {
						CreatedOnToolsVersion = 16.3;
						TestTargetID = C5BC15DE2DEF6DAC000013C8;
					};
					C5BC15F52DEF6DB4000013C8 = {
						CreatedOnToolsVersion = 16.3;
						TestTargetID = C5BC15DE2DEF6DAC000013C8;
					};
				};
			};
			buildConfigurationList = C5BC15DA2DEF6DAC000013C8 /* Build configuration list for PBXProject "nutribase" */;
			developmentRegion = en;
			hasScannedForEncodings = 0;
			knownRegions = (
				en,
				Base,
			);
			mainGroup = C5BC15D62DEF6DAC000013C8;
			minimizedProjectReferenceProxies = 1;
			packageReferences = (
				C523C6342E3013D30031FF59 /* XCRemoteSwiftPackageReference "typesense-swift" */,
				C591D5052E94FB3400A829BA /* XCRemoteSwiftPackageReference "firebase-ios-sdk" */,
			);
			preferredProjectObjectVersion = 77;
			productRefGroup = C5BC15E02DEF6DAC000013C8 /* Products */;
			projectDirPath = "";
			projectRoot = "";
			targets = (
				C5BC15DE2DEF6DAC000013C8 /* nutribase */,
				C5BC15EB2DEF6DB4000013C8 /* nutribaseTests */,
				C5BC15F52DEF6DB4000013C8 /* nutribaseUITests */,
			);
		};
/* End PBXProject section */

/* Begin PBXResourcesBuildPhase section */
		C5BC15DD2DEF6DAC000013C8 /* Resources */ = {
			isa = PBXResourcesBuildPhase;
			buildActionMask = 2147483647;
			files = (
			);
			runOnlyForDeploymentPostprocessing = 0;
		};
		C5BC15EA2DEF6DB4000013C8 /* Resources */ = {
			isa = PBXResourcesBuildPhase;
			buildActionMask = 2147483647;
			files = (
			);
			runOnlyForDeploymentPostprocessing = 0;
		};
		C5BC15F42DEF6DB4000013C8 /* Resources */ = {
			isa = PBXResourcesBuildPhase;
			buildActionMask = 2147483647;
			files = (
			);
			runOnlyForDeploymentPostprocessing = 0;
		};
/* End PBXResourcesBuildPhase section */

/* Begin PBXSourcesBuildPhase section */
		C5BC15DB2DEF6DAC000013C8 /* Sources */ = {
			isa = PBXSourcesBuildPhase;
			buildActionMask = 2147483647;
			files = (
			);
			runOnlyForDeploymentPostprocessing = 0;
		};
		C5BC15E82DEF6DB4000013C8 /* Sources */ = {
			isa = PBXSourcesBuildPhase;
			buildActionMask = 2147483647;
			files = (
			);
			runOnlyForDeploymentPostprocessing = 0;
		};
		C5BC15F22DEF6DB4000013C8 /* Sources */ = {
			isa = PBXSourcesBuildPhase;
			buildActionMask = 2147483647;
			files = (
			);
			runOnlyForDeploymentPostprocessing = 0;
		};
/* End PBXSourcesBuildPhase section */

/* Begin PBXTargetDependency section */
		C5BC15EE2DEF6DB4000013C8 /* PBXTargetDependency */ = {
			isa = PBXTargetDependency;
			target = C5BC15DE2DEF6DAC000013C8 /* nutribase */;
			targetProxy = C5BC15ED2DEF6DB4000013C8 /* PBXContainerItemProxy */;
		};
		C5BC15F82DEF6DB4000013C8 /* PBXTargetDependency */ = {
			isa = PBXTargetDependency;
			target = C5BC15DE2DEF6DAC000013C8 /* nutribase */;
			targetProxy = C5BC15F72DEF6DB4000013C8 /* PBXContainerItemProxy */;
		};
/* End PBXTargetDependency section */

/* Begin XCBuildConfiguration section */
		C5BC15FE2DEF6DB4000013C8 /* Debug */ = {
			isa = XCBuildConfiguration;
			buildSettings = {
				ALWAYS_SEARCH_USER_PATHS = NO;
				ASSETCATALOG_COMPILER_GENERATE_SWIFT_ASSET_SYMBOL_EXTENSIONS = YES;
				CLANG_ANALYZER_NONNULL = YES;
				CLANG_ANALYZER_NUMBER_OBJECT_CONVERSION = YES_AGGRESSIVE;
				CLANG_CXX_LANGUAGE_STANDARD = "gnu++20";
				CLANG_ENABLE_MODULES = YES;
				CLANG_ENABLE_OBJC_ARC = YES;
				CLANG_ENABLE_OBJC_WEAK = YES;
				CLANG_WARN_BLOCK_CAPTURE_AUTORELEASING = YES;
				CLANG_WARN_BOOL_CONVERSION = YES;
				CLANG_WARN_COMMA = YES;
				CLANG_WARN_CONSTANT_CONVERSION = YES;
				CLANG_WARN_DEPRECATED_OBJC_IMPLEMENTATIONS = YES;
				CLANG_WARN_DIRECT_OBJC_ISA_USAGE = YES_ERROR;
				CLANG_WARN_DOCUMENTATION_COMMENTS = YES;
				CLANG_WARN_EMPTY_BODY = YES;
				CLANG_WARN_ENUM_CONVERSION = YES;
				CLANG_WARN_INFINITE_RECURSION = YES;
				CLANG_WARN_INT_CONVERSION = YES;
				CLANG_WARN_NON_LITERAL_NULL_CONVERSION = YES;
				CLANG_WARN_OBJC_IMPLICIT_RETAIN_SELF = YES;
				CLANG_WARN_OBJC_LITERAL_CONVERSION = YES;
				CLANG_WARN_OBJC_ROOT_CLASS = YES_ERROR;
				CLANG_WARN_QUOTED_INCLUDE_IN_FRAMEWORK_HEADER = YES;
				CLANG_WARN_RANGE_LOOP_ANALYSIS = YES;
				CLANG_WARN_STRICT_PROTOTYPES = YES;
				CLANG_WARN_SUSPICIOUS_MOVE = YES;
				CLANG_WARN_UNGUARDED_AVAILABILITY = YES_AGGRESSIVE;
				CLANG_WARN_UNREACHABLE_CODE = YES;
				CLANG_WARN__DUPLICATE_METHOD_MATCH = YES;
				COPY_PHASE_STRIP = NO;
				DEBUG_INFORMATION_FORMAT = dwarf;
				DEVELOPMENT_TEAM = 37TJL6F9HL;
				ENABLE_STRICT_OBJC_MSGSEND = YES;
				ENABLE_TESTABILITY = YES;
				ENABLE_USER_SCRIPT_SANDBOXING = YES;
				GCC_C_LANGUAGE_STANDARD = gnu17;
				GCC_DYNAMIC_NO_PIC = NO;
				GCC_NO_COMMON_BLOCKS = YES;
				GCC_OPTIMIZATION_LEVEL = 0;
				GCC_PREPROCESSOR_DEFINITIONS = (
					"DEBUG=1",
					"$(inherited)",
				);
				GCC_WARN_64_TO_32_BIT_CONVERSION = YES;
				GCC_WARN_ABOUT_RETURN_TYPE = YES_ERROR;
				GCC_WARN_UNDECLARED_SELECTOR = YES;
				GCC_WARN_UNINITIALIZED_AUTOS = YES_AGGRESSIVE;
				GCC_WARN_UNUSED_FUNCTION = YES;
				GCC_WARN_UNUSED_VARIABLE = YES;
				IPHONEOS_DEPLOYMENT_TARGET = 18.4;
				LOCALIZATION_PREFERS_STRING_CATALOGS = YES;
				MTL_ENABLE_DEBUG_INFO = INCLUDE_SOURCE;
				MTL_FAST_MATH = YES;
				ONLY_ACTIVE_ARCH = YES;
				SDKROOT = iphoneos;
				STRING_CATALOG_GENERATE_SYMBOLS = YES;
				SWIFT_ACTIVE_COMPILATION_CONDITIONS = "DEBUG $(inherited)";
				SWIFT_OPTIMIZATION_LEVEL = "-Onone";
			};
			name = Debug;
		};
		C5BC15FF2DEF6DB4000013C8 /* Release */ = {
			isa = XCBuildConfiguration;
			buildSettings = {
				ALWAYS_SEARCH_USER_PATHS = NO;
				ASSETCATALOG_COMPILER_GENERATE_SWIFT_ASSET_SYMBOL_EXTENSIONS = YES;
				CLANG_ANALYZER_NONNULL = YES;
				CLANG_ANALYZER_NUMBER_OBJECT_CONVERSION = YES_AGGRESSIVE;
				CLANG_CXX_LANGUAGE_STANDARD = "gnu++20";
				CLANG_ENABLE_MODULES = YES;
				CLANG_ENABLE_OBJC_ARC = YES;
				CLANG_ENABLE_OBJC_WEAK = YES;
				CLANG_WARN_BLOCK_CAPTURE_AUTORELEASING = YES;
				CLANG_WARN_BOOL_CONVERSION = YES;
				CLANG_WARN_COMMA = YES;
				CLANG_WARN_CONSTANT_CONVERSION = YES;
				CLANG_WARN_DEPRECATED_OBJC_IMPLEMENTATIONS = YES;
				CLANG_WARN_DIRECT_OBJC_ISA_USAGE = YES_ERROR;
				CLANG_WARN_DOCUMENTATION_COMMENTS = YES;
				CLANG_WARN_EMPTY_BODY = YES;
				CLANG_WARN_ENUM_CONVERSION = YES;
				CLANG_WARN_INFINITE_RECURSION = YES;
				CLANG_WARN_INT_CONVERSION = YES;
				CLANG_WARN_NON_LITERAL_NULL_CONVERSION = YES;
				CLANG_WARN_OBJC_IMPLICIT_RETAIN_SELF = YES;
				CLANG_WARN_OBJC_LITERAL_CONVERSION = YES;
				CLANG_WARN_OBJC_ROOT_CLASS = YES_ERROR;
				CLANG_WARN_QUOTED_INCLUDE_IN_FRAMEWORK_HEADER = YES;
				CLANG_WARN_RANGE_LOOP_ANALYSIS = YES;
				CLANG_WARN_STRICT_PROTOTYPES = YES;
				CLANG_WARN_SUSPICIOUS_MOVE = YES;
				CLANG_WARN_UNGUARDED_AVAILABILITY = YES_AGGRESSIVE;
				CLANG_WARN_UNREACHABLE_CODE = YES;
				CLANG_WARN__DUPLICATE_METHOD_MATCH = YES;
				COPY_PHASE_STRIP = NO;
				DEBUG_INFORMATION_FORMAT = "dwarf-with-dsym";
				DEVELOPMENT_TEAM = 37TJL6F9HL;
				ENABLE_NS_ASSERTIONS = NO;
				ENABLE_STRICT_OBJC_MSGSEND = YES;
				ENABLE_USER_SCRIPT_SANDBOXING = YES;
				GCC_C_LANGUAGE_STANDARD = gnu17;
				GCC_NO_COMMON_BLOCKS = YES;
				GCC_WARN_64_TO_32_BIT_CONVERSION = YES;
				GCC_WARN_ABOUT_RETURN_TYPE = YES_ERROR;
				GCC_WARN_UNDECLARED_SELECTOR = YES;
				GCC_WARN_UNINITIALIZED_AUTOS = YES_AGGRESSIVE;
				GCC_WARN_UNUSED_FUNCTION = YES;
				GCC_WARN_UNUSED_VARIABLE = YES;
				IPHONEOS_DEPLOYMENT_TARGET = 18.4;
				LOCALIZATION_PREFERS_STRING_CATALOGS = YES;
				MTL_ENABLE_DEBUG_INFO = NO;
				MTL_FAST_MATH = YES;
				SDKROOT = iphoneos;
				STRING_CATALOG_GENERATE_SYMBOLS = YES;
				SWIFT_COMPILATION_MODE = wholemodule;
				VALIDATE_PRODUCT = YES;
			};
			name = Release;
		};
		C5BC16012DEF6DB4000013C8 /* Debug */ = {
			isa = XCBuildConfiguration;
			buildSettings = {
				ASSETCATALOG_COMPILER_APPICON_NAME = "AppIcon 1";
				ASSETCATALOG_COMPILER_GLOBAL_ACCENT_COLOR_NAME = AccentColor;
				CODE_SIGN_ENTITLEMENTS = nutribase/nutribase.entitlements;
				CODE_SIGN_STYLE = Automatic;
				CURRENT_PROJECT_VERSION = 1;
				DEVELOPMENT_TEAM = 37TJL6F9HL;
				ENABLE_PREVIEWS = YES;
				GENERATE_INFOPLIST_FILE = YES;
				INFOPLIST_FILE = nutribase/Info.plist;
				INFOPLIST_KEY_CFBundleDisplayName = NutriBase;
				INFOPLIST_KEY_NSCameraUsageDescription = "NutriBase needs camera access to scan food labels and barcodes";
				INFOPLIST_KEY_NSHealthShareUsageDescription = "NutriBase needs access to your health data to track your steps and activity";
				INFOPLIST_KEY_NSHealthUpdateUsageDescription = "NutriBase needs permission to update your health data";
				INFOPLIST_KEY_UIApplicationSceneManifest_Generation = YES;
				INFOPLIST_KEY_UIApplicationSupportsIndirectInputEvents = YES;
				INFOPLIST_KEY_UILaunchScreen_Generation = YES;
				INFOPLIST_KEY_UISupportedInterfaceOrientations_iPad = "UIInterfaceOrientationPortrait UIInterfaceOrientationPortraitUpsideDown UIInterfaceOrientationLandscapeLeft UIInterfaceOrientationLandscapeRight";
				INFOPLIST_KEY_UISupportedInterfaceOrientations_iPhone = "UIInterfaceOrientationPortrait UIInterfaceOrientationLandscapeLeft UIInterfaceOrientationLandscapeRight";
				LD_RUNPATH_SEARCH_PATHS = (
					"$(inherited)",
					"@executable_path/Frameworks",
				);
				MARKETING_VERSION = 1.1;
				PRODUCT_BUNDLE_IDENTIFIER = Swedeapps.nutribase;
				PRODUCT_NAME = "$(TARGET_NAME)";
				SUPPORTED_PLATFORMS = "iphoneos iphonesimulator";
				SUPPORTS_MACCATALYST = NO;
				SUPPORTS_MAC_DESIGNED_FOR_IPHONE_IPAD = NO;
				SUPPORTS_XR_DESIGNED_FOR_IPHONE_IPAD = NO;
				SWIFT_EMIT_LOC_STRINGS = YES;
				SWIFT_VERSION = 5.0;
				TARGETED_DEVICE_FAMILY = 1;
			};
			name = Debug;
		};
		C5BC16022DEF6DB4000013C8 /* Release */ = {
			isa = XCBuildConfiguration;
			buildSettings = {
				ASSETCATALOG_COMPILER_APPICON_NAME = "AppIcon 1";
				ASSETCATALOG_COMPILER_GLOBAL_ACCENT_COLOR_NAME = AccentColor;
				CODE_SIGN_ENTITLEMENTS = nutribase/nutribase.entitlements;
				CODE_SIGN_STYLE = Automatic;
				CURRENT_PROJECT_VERSION = 1;
				DEVELOPMENT_TEAM = 37TJL6F9HL;
				ENABLE_PREVIEWS = YES;
				GENERATE_INFOPLIST_FILE = YES;
				INFOPLIST_FILE = nutribase/Info.plist;
				INFOPLIST_KEY_CFBundleDisplayName = NutriBase;
				INFOPLIST_KEY_NSCameraUsageDescription = "NutriBase needs camera access to scan food labels and barcodes";
				INFOPLIST_KEY_NSHealthShareUsageDescription = "NutriBase needs access to your health data to track your steps and activity";
				INFOPLIST_KEY_NSHealthUpdateUsageDescription = "NutriBase needs permission to update your health data";
				INFOPLIST_KEY_UIApplicationSceneManifest_Generation = YES;
				INFOPLIST_KEY_UIApplicationSupportsIndirectInputEvents = YES;
				INFOPLIST_KEY_UILaunchScreen_Generation = YES;
				INFOPLIST_KEY_UISupportedInterfaceOrientations_iPad = "UIInterfaceOrientationPortrait UIInterfaceOrientationPortraitUpsideDown UIInterfaceOrientationLandscapeLeft UIInterfaceOrientationLandscapeRight";
				INFOPLIST_KEY_UISupportedInterfaceOrientations_iPhone = "UIInterfaceOrientationPortrait UIInterfaceOrientationLandscapeLeft UIInterfaceOrientationLandscapeRight";
				LD_RUNPATH_SEARCH_PATHS = (
					"$(inherited)",
					"@executable_path/Frameworks",
				);
				MARKETING_VERSION = 1.1;
				PRODUCT_BUNDLE_IDENTIFIER = Swedeapps.nutribase;
				PRODUCT_NAME = "$(TARGET_NAME)";
				SUPPORTED_PLATFORMS = "iphoneos iphonesimulator";
				SUPPORTS_MACCATALYST = NO;
				SUPPORTS_MAC_DESIGNED_FOR_IPHONE_IPAD = NO;
				SUPPORTS_XR_DESIGNED_FOR_IPHONE_IPAD = NO;
				SWIFT_EMIT_LOC_STRINGS = YES;
				SWIFT_VERSION = 5.0;
				TARGETED_DEVICE_FAMILY = 1;
			};
			name = Release;
		};
		C5BC16042DEF6DB4000013C8 /* Debug */ = {
			isa = XCBuildConfiguration;
			buildSettings = {
				BUNDLE_LOADER = "$(TEST_HOST)";
				CODE_SIGN_STYLE = Automatic;
				CURRENT_PROJECT_VERSION = 1;
				DEVELOPMENT_TEAM = 37TJL6F9HL;
				GENERATE_INFOPLIST_FILE = YES;
				IPHONEOS_DEPLOYMENT_TARGET = 18.4;
				MARKETING_VERSION = 1.1;
				PRODUCT_BUNDLE_IDENTIFIER = Swedeapps.nutribaseTests;
				PRODUCT_NAME = "$(TARGET_NAME)";
				SWIFT_EMIT_LOC_STRINGS = NO;
				SWIFT_VERSION = 5.0;
				TARGETED_DEVICE_FAMILY = "1,2";
				TEST_HOST = "$(BUILT_PRODUCTS_DIR)/nutribase.app/$(BUNDLE_EXECUTABLE_FOLDER_PATH)/nutribase";
			};
			name = Debug;
		};
		C5BC16052DEF6DB4000013C8 /* Release */ = {
			isa = XCBuildConfiguration;
			buildSettings = {
				BUNDLE_LOADER = "$(TEST_HOST)";
				CODE_SIGN_STYLE = Automatic;
				CURRENT_PROJECT_VERSION = 1;
				DEVELOPMENT_TEAM = 37TJL6F9HL;
				GENERATE_INFOPLIST_FILE = YES;
				IPHONEOS_DEPLOYMENT_TARGET = 18.4;
				MARKETING_VERSION = 1.1;
				PRODUCT_BUNDLE_IDENTIFIER = Swedeapps.nutribaseTests;
				PRODUCT_NAME = "$(TARGET_NAME)";
				SWIFT_EMIT_LOC_STRINGS = NO;
				SWIFT_VERSION = 5.0;
				TARGETED_DEVICE_FAMILY = "1,2";
				TEST_HOST = "$(BUILT_PRODUCTS_DIR)/nutribase.app/$(BUNDLE_EXECUTABLE_FOLDER_PATH)/nutribase";
			};
			name = Release;
		};
		C5BC16072DEF6DB4000013C8 /* Debug */ = {
			isa = XCBuildConfiguration;
			buildSettings = {
				CODE_SIGN_STYLE = Automatic;
				CURRENT_PROJECT_VERSION = 1;
				DEVELOPMENT_TEAM = 37TJL6F9HL;
				GENERATE_INFOPLIST_FILE = YES;
				MARKETING_VERSION = 1.1;
				PRODUCT_BUNDLE_IDENTIFIER = Swedeapps.nutribaseUITests;
				PRODUCT_NAME = "$(TARGET_NAME)";
				SWIFT_EMIT_LOC_STRINGS = NO;
				SWIFT_VERSION = 5.0;
				TARGETED_DEVICE_FAMILY = "1,2";
				TEST_TARGET_NAME = nutribase;
			};
			name = Debug;
		};
		C5BC16082DEF6DB4000013C8 /* Release */ = {
			isa = XCBuildConfiguration;
			buildSettings = {
				CODE_SIGN_STYLE = Automatic;
				CURRENT_PROJECT_VERSION = 1;
				DEVELOPMENT_TEAM = 37TJL6F9HL;
				GENERATE_INFOPLIST_FILE = YES;
				MARKETING_VERSION = 1.1;
				PRODUCT_BUNDLE_IDENTIFIER = Swedeapps.nutribaseUITests;
				PRODUCT_NAME = "$(TARGET_NAME)";
				SWIFT_EMIT_LOC_STRINGS = NO;
				SWIFT_VERSION = 5.0;
				TARGETED_DEVICE_FAMILY = "1,2";
				TEST_TARGET_NAME = nutribase;
			};
			name = Release;
		};
/* End XCBuildConfiguration section */

/* Begin XCConfigurationList section */
		C5BC15DA2DEF6DAC000013C8 /* Build configuration list for PBXProject "nutribase" */ = {
			isa = XCConfigurationList;
			buildConfigurations = (
				C5BC15FE2DEF6DB4000013C8 /* Debug */,
				C5BC15FF2DEF6DB4000013C8 /* Release */,
			);
			defaultConfigurationIsVisible = 0;
			defaultConfigurationName = Release;
		};
		C5BC16002DEF6DB4000013C8 /* Build configuration list for PBXNativeTarget "nutribase" */ = {
			isa = XCConfigurationList;
			buildConfigurations = (
				C5BC16012DEF6DB4000013C8 /* Debug */,
				C5BC16022DEF6DB4000013C8 /* Release */,
			);
			defaultConfigurationIsVisible = 0;
			defaultConfigurationName = Release;
		};
		C5BC16032DEF6DB4000013C8 /* Build configuration list for PBXNativeTarget "nutribaseTests" */ = {
			isa = XCConfigurationList;
			buildConfigurations = (
				C5BC16042DEF6DB4000013C8 /* Debug */,
				C5BC16052DEF6DB4000013C8 /* Release */,
			);
			defaultConfigurationIsVisible = 0;
			defaultConfigurationName = Release;
		};
		C5BC16062DEF6DB4000013C8 /* Build configuration list for PBXNativeTarget "nutribaseUITests" */ = {
			isa = XCConfigurationList;
			buildConfigurations = (
				C5BC16072DEF6DB4000013C8 /* Debug */,
				C5BC16082DEF6DB4000013C8 /* Release */,
			);
			defaultConfigurationIsVisible = 0;
			defaultConfigurationName = Release;
		};
/* End XCConfigurationList section */

/* Begin XCRemoteSwiftPackageReference section */
		C523C6342E3013D30031FF59 /* XCRemoteSwiftPackageReference "typesense-swift" */ = {
			isa = XCRemoteSwiftPackageReference;
			repositoryURL = "https://github.com/typesense/typesense-swift.git";
			requirement = {
				branch = master;
				kind = branch;
			};
		};
		C591D5052E94FB3400A829BA /* XCRemoteSwiftPackageReference "firebase-ios-sdk" */ = {
			isa = XCRemoteSwiftPackageReference;
			repositoryURL = "https://github.com/firebase/firebase-ios-sdk";
			requirement = {
				kind = upToNextMajorVersion;
				minimumVersion = 12.3.0;
			};
		};
/* End XCRemoteSwiftPackageReference section */

/* Begin XCSwiftPackageProductDependency section */
		C523C6352E3013D30031FF59 /* Typesense */ = {
			isa = XCSwiftPackageProductDependency;
			package = C523C6342E3013D30031FF59 /* XCRemoteSwiftPackageReference "typesense-swift" */;
			productName = Typesense;
		};
		C585ECE32ED468E70026F648 /* FirebaseFunctions */ = {
			isa = XCSwiftPackageProductDependency;
			package = C591D5052E94FB3400A829BA /* XCRemoteSwiftPackageReference "firebase-ios-sdk" */;
			productName = FirebaseFunctions;
		};
		C591D5062E94FB3400A829BA /* FirebaseAI */ = {
			isa = XCSwiftPackageProductDependency;
			package = C591D5052E94FB3400A829BA /* XCRemoteSwiftPackageReference "firebase-ios-sdk" */;
			productName = FirebaseAI;
		};
		C591D5082E94FB3400A829BA /* FirebaseAnalytics */ = {
			isa = XCSwiftPackageProductDependency;
			package = C591D5052E94FB3400A829BA /* XCRemoteSwiftPackageReference "firebase-ios-sdk" */;
			productName = FirebaseAnalytics;
		};
		C591D50A2E94FB3400A829BA /* FirebaseAnalyticsCore */ = {
			isa = XCSwiftPackageProductDependency;
			package = C591D5052E94FB3400A829BA /* XCRemoteSwiftPackageReference "firebase-ios-sdk" */;
			productName = FirebaseAnalyticsCore;
		};
		C591D50C2E94FB3400A829BA /* FirebaseAnalyticsIdentitySupport */ = {
			isa = XCSwiftPackageProductDependency;
			package = C591D5052E94FB3400A829BA /* XCRemoteSwiftPackageReference "firebase-ios-sdk" */;
			productName = FirebaseAnalyticsIdentitySupport;
		};
		C591D50E2E94FB3400A829BA /* FirebaseAppCheck */ = {
			isa = XCSwiftPackageProductDependency;
			package = C591D5052E94FB3400A829BA /* XCRemoteSwiftPackageReference "firebase-ios-sdk" */;
			productName = FirebaseAppCheck;
		};
		C591D5112E94FDC300A829BA /* FirebaseAuth */ = {
			isa = XCSwiftPackageProductDependency;
			package = C591D5052E94FB3400A829BA /* XCRemoteSwiftPackageReference "firebase-ios-sdk" */;
			productName = FirebaseAuth;
		};
		C591D5132E94FDCE00A829BA /* FirebaseFirestore */ = {
			isa = XCSwiftPackageProductDependency;
			package = C591D5052E94FB3400A829BA /* XCRemoteSwiftPackageReference "firebase-ios-sdk" */;
			productName = FirebaseFirestore;
		};
		C591D5152E94FDD700A829BA /* FirebaseCrashlytics */ = {
			isa = XCSwiftPackageProductDependency;
			package = C591D5052E94FB3400A829BA /* XCRemoteSwiftPackageReference "firebase-ios-sdk" */;
			productName = FirebaseCrashlytics;
		};
		C591D5172E94FDE400A829BA /* FirebasePerformance */ = {
			isa = XCSwiftPackageProductDependency;
			package = C591D5052E94FB3400A829BA /* XCRemoteSwiftPackageReference "firebase-ios-sdk" */;
			productName = FirebasePerformance;
		};
/* End XCSwiftPackageProductDependency section */
	};
	rootObject = C5BC15D72DEF6DAC000013C8 /* Project object */;
}
